{
  "name": "workspace",
  "version": "1.0.0",
  "lockfileVersion": 3,
  "requires": true,
  "packages": {
    "": {
      "name": "workspace",
      "version": "1.0.0",
      "license": "ISC",
      "dependencies": {
        "@notionhq/client": "^5.1.0"
      }
    },
    "node_modules/@notionhq/client": {
      "version": "5.1.0",
      "resolved": "https://registry.npmjs.org/@notionhq/client/-/client-5.1.0.tgz",
      "integrity": "sha512-YYVjXYk1XwKQ4XIh+iGjaaXOGHxaDgB3UaGnDMyrZ3X9UiYQsZpzPIvTuhvp97os8a5W5kTQFsyq77+I+COOVQ==",
      "license": "MIT",
      "engines": {
        "node": ">=18"
      }
    }
  }
}
